
Microsoft Visual Studio Solution File, Format Version 12.00
# Visual Studio 15
VisualStudioVersion = 15.0.28010.2003
MinimumVisualStudioVersion = 10.0.40219.1
Project("{FAE04EC0-301F-11D3-BF4B-00C04F79EFBC}") = "Pollite", "Pollite\Pollite.csproj", "{80771423-3147-4C05-8418-31E76C5745A7}"
EndProject
Global
	GlobalSection(SolutionConfigurationPlatforms) = preSolution
		Debug|Any CPU = Debug|Any CPU
		Release|Any CPU = Release|Any CPU
	EndGlobalSection
	GlobalSection(ProjectConfigurationPlatforms) = postSolution
		{80771423-3147-4C05-8418-31E76C5745A7}.Debug|Any CPU.ActiveCfg = Debug|Any CPU
		{80771423-3147-4C05-8418-31E76C5745A7}.Debug|Any CPU.Build.0 = Debug|Any CPU
		{80771423-3147-4C05-8418-31E76C5745A7}.Release|Any CPU.ActiveCfg = Release|Any CPU
		{80771423-3147-4C05-8418-31E76C5745A7}.Release|Any CPU.Build.0 = Release|Any CPU
	EndGlobalSection
	GlobalSection(SolutionProperties) = preSolution
		HideSolutionNode = FALSE
	EndGlobalSection
	GlobalSection(ExtensibilityGlobals) = postSolution
		SolutionGuid = {2205AF9F-90AD-465B-B960-E4DF52DD20D1}
	EndGlobalSection
EndGlobal
